
Microsoft Visual Studio Solution File, Format Version 12.00
# Visual Studio Version 16
VisualStudioVersion = 16.0.31624.102
MinimumVisualStudioVersion = 10.0.40219.1
Project("{FAE04EC0-301F-11D3-BF4B-00C04F79EFBC}") = "Demo1", "Demo1\Demo1.csproj", "{666EC4BB-5CD7-4480-BEEA-5D120805BDF1}"
EndProject
Global
	GlobalSection(SolutionConfigurationPlatforms) = preSolution
		Debug|Any CPU = Debug|Any CPU
		Release|Any CPU = Release|Any CPU
	EndGlobalSection
	GlobalSection(ProjectConfigurationPlatforms) = postSolution
		{666EC4BB-5CD7-4480-BEEA-5D120805BDF1}.Debug|Any CPU.ActiveCfg = Debug|Any CPU
		{666EC4BB-5CD7-4480-BEEA-5D120805BDF1}.Debug|Any CPU.Build.0 = Debug|Any CPU
		{666EC4BB-5CD7-4480-BEEA-5D120805BDF1}.Release|Any CPU.ActiveCfg = Release|Any CPU
		{666EC4BB-5CD7-4480-BEEA-5D120805BDF1}.Release|Any CPU.Build.0 = Release|Any CPU
	EndGlobalSection
	GlobalSection(SolutionProperties) = preSolution
		HideSolutionNode = FALSE
	EndGlobalSection
	GlobalSection(ExtensibilityGlobals) = postSolution
		SolutionGuid = {AFB109D3-D45C-48E7-B243-7517BA4C2D5E}
	EndGlobalSection
EndGlobal
